// !$*UTF8*$!
{
	archiveVersion = 1;
	classes = {
	};
	objectVersion = 71;
	objects = {

/* Begin PBXContainerItemProxy section */
		000000000000000000000022 /* PBXContainerItemProxy */ = {
			isa = PBXContainerItemProxy;
			containerPortal = 000000000000000000000001 /* Project object */;
			proxyType = 1;
			remoteGlobalIDString = 000000000000000000000007;
			remoteInfo = PhotoTinder;
		};
/* End PBXContainerItemProxy section */

/* Begin PBXFileReference section */
		00000000000000000000000A /* PhotoTinder.app */ = {isa = PBXFileReference; explicitFileType = wrapper.application; path = PhotoTinder.app; sourceTree = BUILT_PRODUCTS_DIR; };
		00000000000000000000000B /* PhotoTinderTests.xctest */ = {isa = PBXFileReference; explicitFileType = wrapper.cfbundle; path = PhotoTinderTests.xctest; sourceTree = BUILT_PRODUCTS_DIR; };
		00000000000000000000000C /* PhotoTinderUITests.xctest */ = {isa = PBXFileReference; explicitFileType = wrapper.cfbundle; path = PhotoTinderUITests.xctest; sourceTree = BUILT_PRODUCTS_DIR; };
/* End PBXFileReference section */

/* Begin PBXFileSystemSynchronizedRootGroup section */
		000000000000000000000004 /* PhotoTinder */ = {isa = PBXFileSystemSynchronizedRootGroup; explicitFileTypes = {}; explicitFolders = (); path = PhotoTinder; sourceTree = "<group>"; };
		000000000000000000000005 /* PhotoTinderTests */ = {isa = PBXFileSystemSynchronizedRootGroup; explicitFileTypes = {}; explicitFolders = (); path = PhotoTinderTests; sourceTree = "<group>"; };
		000000000000000000000006 /* PhotoTinderUITests */ = {isa = PBXFileSystemSynchronizedRootGroup; explicitFileTypes = {}; explicitFolders = (); path = PhotoTinderUITests; sourceTree = "<group>"; };
/* End PBXFileSystemSynchronizedRootGroup section */

/* Begin PBXFrameworksBuildPhase section */
		000000000000000000000011 /* Frameworks */ = {
			isa = PBXFrameworksBuildPhase;
			buildActionMask = 2147483647;
			files = (
			);
			runOnlyForDeploymentPostprocessing = 0;
		};
		000000000000000000000012 /* Frameworks */ = {
			isa = PBXFrameworksBuildPhase;
			buildActionMask = 2147483647;
			files = (
			);
			runOnlyForDeploymentPostprocessing = 0;
		};
		000000000000000000000013 /* Frameworks */ = {
			isa = PBXFrameworksBuildPhase;
			buildActionMask = 2147483647;
			files = (
			);
			runOnlyForDeploymentPostprocessing = 0;
		};
/* End PBXFrameworksBuildPhase section */

/* Begin PBXGroup section */
		000000000000000000000002 = {
			isa = PBXGroup;
			children = (
				000000000000000000000004 /* PhotoTinder */,
				000000000000000000000005 /* PhotoTinderTests */,
				000000000000000000000006 /* PhotoTinderUITests */,
				000000000000000000000003 /* Products */,
			);
			sourceTree = "<group>";
		};
		000000000000000000000003 /* Products */ = {
			isa = PBXGroup;
			children = (
				00000000000000000000000A /* PhotoTinder.app */,
				00000000000000000000000B /* PhotoTinderTests.xctest */,
				00000000000000000000000C /* PhotoTinderUITests.xctest */,
			);
			name = Products;
			sourceTree = "<group>";
		};
/* End PBXGroup section */

/* Begin PBXNativeTarget section */
		000000000000000000000007 /* PhotoTinder */ = {
			isa = PBXNativeTarget;
			buildConfigurationList = 000000000000000000000015 /* Build configuration list for PBXNativeTarget "PhotoTinder" */;
			buildPhases = (
				00000000000000000000000D /* Sources */,
				000000000000000000000011 /* Frameworks */,
				000000000000000000000010 /* Resources */,
			);
			buildRules = (
			);
			dependencies = (
			);
			fileSystemSynchronizedGroups = (
				000000000000000000000004 /* PhotoTinder */,
			);
			name = PhotoTinder;
			productName = PhotoTinder;
			productReference = 00000000000000000000000A /* PhotoTinder.app */;
			productType = "com.apple.product-type.application";
		};
		000000000000000000000008 /* PhotoTinderTests */ = {
			isa = PBXNativeTarget;
			buildConfigurationList = 000000000000000000000016 /* Build configuration list for PBXNativeTarget "PhotoTinderTests" */;
			buildPhases = (
				00000000000000000000000E /* Sources */,
				000000000000000000000012 /* Frameworks */,
			);
			buildRules = (
			);
			dependencies = (
				000000000000000000000020 /* PBXTargetDependency */,
			);
			fileSystemSynchronizedGroups = (
				000000000000000000000005 /* PhotoTinderTests */,
			);
			name = PhotoTinderTests;
			productName = PhotoTinderTests;
			productReference = 00000000000000000000000B /* PhotoTinderTests.xctest */;
			productType = "com.apple.product-type.bundle.unit-test";
		};
		000000000000000000000009 /* PhotoTinderUITests */ = {
			isa = PBXNativeTarget;
			buildConfigurationList = 000000000000000000000017 /* Build configuration list for PBXNativeTarget "PhotoTinderUITests" */;
			buildPhases = (
				00000000000000000000000F /* Sources */,
				000000000000000000000013 /* Frameworks */,
			);
			buildRules = (
			);
			dependencies = (
				000000000000000000000021 /* PBXTargetDependency */,
			);
			fileSystemSynchronizedGroups = (
				000000000000000000000006 /* PhotoTinderUITests */,
			);
			name = PhotoTinderUITests;
			productName = PhotoTinderUITests;
			productReference = 00000000000000000000000C /* PhotoTinderUITests.xctest */;
			productType = "com.apple.product-type.bundle.ui-testing";
		};
/* End PBXNativeTarget section */

/* Begin PBXProject section */
		000000000000000000000001 /* Project object */ = {
			isa = PBXProject;
			attributes = {
				BuildIndependentTargetsInParallel = YES;
				LastUpgradeCheck = 2660;
			};
			buildConfigurationList = 000000000000000000000014 /* Build configuration list for PBXProject "PhotoTinder" */;
			compatibilityVersion = "Xcode 16.0";
			developmentRegion = en;
			hasScannedForEncodings = 0;
			knownRegions = (
				en,
				Base,
			);
			mainGroup = 000000000000000000000002;
			productRefGroup = 000000000000000000000003 /* Products */;
			projectDirPath = "";
			projectRoot = "";
			targets = (
				000000000000000000000007 /* PhotoTinder */,
				000000000000000000000008 /* PhotoTinderTests */,
				000000000000000000000009 /* PhotoTinderUITests */,
			);
		};
/* End PBXProject section */

/* Begin PBXResourcesBuildPhase section */
		000000000000000000000010 /* Resources */ = {
			isa = PBXResourcesBuildPhase;
			buildActionMask = 2147483647;
			files = (
			);
			runOnlyForDeploymentPostprocessing = 0;
		};
/* End PBXResourcesBuildPhase section */

/* Begin PBXSourcesBuildPhase section */
		00000000000000000000000D /* Sources */ = {
			isa = PBXSourcesBuildPhase;
			buildActionMask = 2147483647;
			files = (
			);
			runOnlyForDeploymentPostprocessing = 0;
		};
		00000000000000000000000E /* Sources */ = {
			isa = PBXSourcesBuildPhase;
			buildActionMask = 2147483647;
			files = (
			);
			runOnlyForDeploymentPostprocessing = 0;
		};
		00000000000000000000000F /* Sources */ = {
			isa = PBXSourcesBuildPhase;
			buildActionMask = 2147483647;
			files = (
			);
			runOnlyForDeploymentPostprocessing = 0;
		};
/* End PBXSourcesBuildPhase section */

/* Begin PBXTargetDependency section */
		000000000000000000000020 /* PBXTargetDependency */ = {
			isa = PBXTargetDependency;
			target = 000000000000000000000007 /* PhotoTinder */;
			targetProxy = 000000000000000000000022 /* PBXContainerItemProxy */;
		};
		000000000000000000000021 /* PBXTargetDependency */ = {
			isa = PBXTargetDependency;
			target = 000000000000000000000007 /* PhotoTinder */;
			targetProxy = 000000000000000000000022 /* PBXContainerItemProxy */;
		};
/* End PBXTargetDependency section */

/* Begin XCBuildConfiguration section */
		000000000000000000000018 /* Debug */ = {
			isa = XCBuildConfiguration;
			buildSettings = {
				CLANG_ENABLE_MODULES = YES;
				CLANG_ENABLE_OBJC_ARC = YES;
				DEBUG_INFORMATION_FORMAT = dwarf;
				ENABLE_TESTABILITY = YES;
				ENABLE_USER_SCRIPT_SANDBOXING = YES;
				IPHONEOS_DEPLOYMENT_TARGET = 26.0;
				SDKROOT = iphoneos;
				SWIFT_ACTIVE_COMPILATION_CONDITIONS = "DEBUG $(inherited)";
				SWIFT_OPTIMIZATION_LEVEL = "-Onone";
				SWIFT_STRICT_CONCURRENCY = complete;
				SWIFT_VERSION = 6.0;
			};
			name = Debug;
		};
		000000000000000000000019 /* Release */ = {
			isa = XCBuildConfiguration;
			buildSettings = {
				CLANG_ENABLE_MODULES = YES;
				CLANG_ENABLE_OBJC_ARC = YES;
				ENABLE_USER_SCRIPT_SANDBOXING = YES;
				IPHONEOS_DEPLOYMENT_TARGET = 26.0;
				SDKROOT = iphoneos;
				SWIFT_COMPILATION_MODE = wholemodule;
				SWIFT_OPTIMIZATION_LEVEL = "-O";
				SWIFT_STRICT_CONCURRENCY = complete;
				SWIFT_VERSION = 6.0;
			};
			name = Release;
		};
		00000000000000000000001A /* Debug */ = {
			isa = XCBuildConfiguration;
			buildSettings = {
				ASSETCATALOG_COMPILER_APPICON_NAME = AppIcon;
				CODE_SIGN_STYLE = Automatic;
				GENERATE_INFOPLIST_FILE = YES;
				INFOPLIST_KEY_CFBundleDisplayName = "Photo Tinder";
				INFOPLIST_KEY_NSPhotoLibraryUsageDescription = "Review your photos and videos, then delete only the items you explicitly confirm.";
				INFOPLIST_KEY_PHPhotoLibraryPreventAutomaticLimitedAccessAlert = YES;
				INFOPLIST_KEY_UILaunchScreen_Generation = YES;
				INFOPLIST_KEY_UISupportedInterfaceOrientations_iPhone = "UIInterfaceOrientationPortrait UIInterfaceOrientationLandscapeLeft UIInterfaceOrientationLandscapeRight";
				PRODUCT_BUNDLE_IDENTIFIER = org.local.PhotoTinder;
				PRODUCT_NAME = "$(TARGET_NAME)";
				TARGETED_DEVICE_FAMILY = 1;
			};
			name = Debug;
		};
		00000000000000000000001B /* Release */ = {
			isa = XCBuildConfiguration;
			buildSettings = {
				ASSETCATALOG_COMPILER_APPICON_NAME = AppIcon;
				CODE_SIGN_STYLE = Automatic;
				GENERATE_INFOPLIST_FILE = YES;
				INFOPLIST_KEY_CFBundleDisplayName = "Photo Tinder";
				INFOPLIST_KEY_NSPhotoLibraryUsageDescription = "Review your photos and videos, then delete only the items you explicitly confirm.";
				INFOPLIST_KEY_PHPhotoLibraryPreventAutomaticLimitedAccessAlert = YES;
				INFOPLIST_KEY_UILaunchScreen_Generation = YES;
				INFOPLIST_KEY_UISupportedInterfaceOrientations_iPhone = "UIInterfaceOrientationPortrait UIInterfaceOrientationLandscapeLeft UIInterfaceOrientationLandscapeRight";
				PRODUCT_BUNDLE_IDENTIFIER = org.local.PhotoTinder;
				PRODUCT_NAME = "$(TARGET_NAME)";
				TARGETED_DEVICE_FAMILY = 1;
			};
			name = Release;
		};
		00000000000000000000001C /* Debug */ = {
			isa = XCBuildConfiguration;
			buildSettings = {
				BUNDLE_LOADER = "$(TEST_HOST)";
				CODE_SIGN_STYLE = Automatic;
				GENERATE_INFOPLIST_FILE = YES;
				PRODUCT_BUNDLE_IDENTIFIER = org.local.PhotoTinderTests;
				PRODUCT_NAME = "$(TARGET_NAME)";
				TARGETED_DEVICE_FAMILY = 1;
				TEST_HOST = "$(BUILT_PRODUCTS_DIR)/PhotoTinder.app/$(BUNDLE_EXECUTABLE_FOLDER_PATH)/PhotoTinder";
			};
			name = Debug;
		};
		00000000000000000000001D /* Release */ = {
			isa = XCBuildConfiguration;
			buildSettings = {
				BUNDLE_LOADER = "$(TEST_HOST)";
				CODE_SIGN_STYLE = Automatic;
				GENERATE_INFOPLIST_FILE = YES;
				PRODUCT_BUNDLE_IDENTIFIER = org.local.PhotoTinderTests;
				PRODUCT_NAME = "$(TARGET_NAME)";
				TARGETED_DEVICE_FAMILY = 1;
				TEST_HOST = "$(BUILT_PRODUCTS_DIR)/PhotoTinder.app/$(BUNDLE_EXECUTABLE_FOLDER_PATH)/PhotoTinder";
			};
			name = Release;
		};
		00000000000000000000001E /* Debug */ = {
			isa = XCBuildConfiguration;
			buildSettings = {
				CODE_SIGN_STYLE = Automatic;
				GENERATE_INFOPLIST_FILE = YES;
				PRODUCT_BUNDLE_IDENTIFIER = org.local.PhotoTinderUITests;
				PRODUCT_NAME = "$(TARGET_NAME)";
				TARGETED_DEVICE_FAMILY = 1;
				TEST_TARGET_NAME = PhotoTinder;
			};
			name = Debug;
		};
		00000000000000000000001F /* Release */ = {
			isa = XCBuildConfiguration;
			buildSettings = {
				CODE_SIGN_STYLE = Automatic;
				GENERATE_INFOPLIST_FILE = YES;
				PRODUCT_BUNDLE_IDENTIFIER = org.local.PhotoTinderUITests;
				PRODUCT_NAME = "$(TARGET_NAME)";
				TARGETED_DEVICE_FAMILY = 1;
				TEST_TARGET_NAME = PhotoTinder;
			};
			name = Release;
		};
/* End XCBuildConfiguration section */

/* Begin XCConfigurationList section */
		000000000000000000000014 /* Build configuration list for PBXProject "PhotoTinder" */ = {
			isa = XCConfigurationList;
			buildConfigurations = (
				000000000000000000000018 /* Debug */,
				000000000000000000000019 /* Release */,
			);
			defaultConfigurationIsVisible = 0;
			defaultConfigurationName = Release;
		};
		000000000000000000000015 /* Build configuration list for PBXNativeTarget "PhotoTinder" */ = {
			isa = XCConfigurationList;
			buildConfigurations = (
				00000000000000000000001A /* Debug */,
				00000000000000000000001B /* Release */,
			);
			defaultConfigurationIsVisible = 0;
			defaultConfigurationName = Release;
		};
		000000000000000000000016 /* Build configuration list for PBXNativeTarget "PhotoTinderTests" */ = {
			isa = XCConfigurationList;
			buildConfigurations = (
				00000000000000000000001C /* Debug */,
				00000000000000000000001D /* Release */,
			);
			defaultConfigurationIsVisible = 0;
			defaultConfigurationName = Release;
		};
		000000000000000000000017 /* Build configuration list for PBXNativeTarget "PhotoTinderUITests" */ = {
			isa = XCConfigurationList;
			buildConfigurations = (
				00000000000000000000001E /* Debug */,
				00000000000000000000001F /* Release */,
			);
			defaultConfigurationIsVisible = 0;
			defaultConfigurationName = Release;
		};
/* End XCConfigurationList section */
	};
	rootObject = 000000000000000000000001 /* Project object */;
}
